{
  "object": {
    "pins": [
      {
        "package": "Punycode",
        "repositoryURL": "https://github.com/gumob/PunycodeSwift.git",
        "state": {
          "branch": null,
          "revision": "4356ec54e073741449640d3d50a1fd24fd1e1b8b",
          "version": "2.1.0"
        }
      }
    ]
  },
  "version": 1
}
